
Microsoft Visual Studio Solution File, Format Version 12.00
# Visual Studio Version 17
VisualStudioVersion = 17.9.34622.214
MinimumVisualStudioVersion = 10.0.40219.1
Project("{FAE04EC0-301F-11D3-BF4B-00C04F79EFBC}") = "Server", "Server\Server.csproj", "{A1C6237F-AD70-43FB-80FE-D1D5165E3894}"
EndProject
Project("{FAE04EC0-301F-11D3-BF4B-00C04F79EFBC}") = "Client", "Client\Client.csproj", "{009AB681-3A09-473D-97CD-F0608BEB54CD}"
EndProject
Global
	GlobalSection(SolutionConfigurationPlatforms) = preSolution
		Debug|Any CPU = Debug|Any CPU
		Release|Any CPU = Release|Any CPU
	EndGlobalSection
	GlobalSection(ProjectConfigurationPlatforms) = postSolution
		{A1C6237F-AD70-43FB-80FE-D1D5165E3894}.Debug|Any CPU.ActiveCfg = Debug|Any CPU
		{A1C6237F-AD70-43FB-80FE-D1D5165E3894}.Debug|Any CPU.Build.0 = Debug|Any CPU
		{A1C6237F-AD70-43FB-80FE-D1D5165E3894}.Release|Any CPU.ActiveCfg = Release|Any CPU
		{A1C6237F-AD70-43FB-80FE-D1D5165E3894}.Release|Any CPU.Build.0 = Release|Any CPU
		{009AB681-3A09-473D-97CD-F0608BEB54CD}.Debug|Any CPU.ActiveCfg = Debug|Any CPU
		{009AB681-3A09-473D-97CD-F0608BEB54CD}.Debug|Any CPU.Build.0 = Debug|Any CPU
		{009AB681-3A09-473D-97CD-F0608BEB54CD}.Release|Any CPU.ActiveCfg = Release|Any CPU
		{009AB681-3A09-473D-97CD-F0608BEB54CD}.Release|Any CPU.Build.0 = Release|Any CPU
	EndGlobalSection
	GlobalSection(SolutionProperties) = preSolution
		HideSolutionNode = FALSE
	EndGlobalSection
	GlobalSection(ExtensibilityGlobals) = postSolution
		SolutionGuid = {02DAAEE9-1C09-4E80-AC6B-958C39266EB0}
	EndGlobalSection
EndGlobal
